{
  "name": "openapi-generator",
  "version": "1.0.0",
  "lockfileVersion": 2,
  "requires": true,
  "packages": {
    "": {
      "name": "openapi-generator",
      "version": "1.0.0",
      "license": "ISC",
      "dependencies": {
        "typescript": "^5.0.4"
      },
      "devDependencies": {
        "@ts-stack/openapi-spec": "^3.1.5"
      }
    },
    "node_modules/@ts-stack/openapi-spec": {
      "version": "3.1.5",
      "resolved": "https://registry.npmjs.org/@ts-stack/openapi-spec/-/openapi-spec-3.1.5.tgz",
      "integrity": "sha512-IIalX7oLFYUU8HXY3bFTV6l/8OPyKRbtrt64Z0SM6H7ZfTxfy0e3fWeSYsWiKCIobXeFKL5QETG61PANB9tEHw==",
      "dev": true
    },
    "node_modules/typescript": {
      "version": "5.0.4",
      "resolved": "https://registry.npmjs.org/typescript/-/typescript-5.0.4.tgz",
      "integrity": "sha512-cW9T5W9xY37cc+jfEnaUvX91foxtHkza3Nw3wkoF4sSlKn0MONdkdEndig/qPBWXNkmplh3NzayQzCiHM4/hqw==",
      "bin": {
        "tsc": "bin/tsc",
        "tsserver": "bin/tsserver"
      },
      "engines": {
        "node": ">=12.20"
      }
    }
  },
  "dependencies": {
    "@ts-stack/openapi-spec": {
      "version": "3.1.5",
      "resolved": "https://registry.npmjs.org/@ts-stack/openapi-spec/-/openapi-spec-3.1.5.tgz",
      "integrity": "sha512-IIalX7oLFYUU8HXY3bFTV6l/8OPyKRbtrt64Z0SM6H7ZfTxfy0e3fWeSYsWiKCIobXeFKL5QETG61PANB9tEHw==",
      "dev": true
    },
    "typescript": {
      "version": "5.0.4",
      "resolved": "https://registry.npmjs.org/typescript/-/typescript-5.0.4.tgz",
      "integrity": "sha512-cW9T5W9xY37cc+jfEnaUvX91foxtHkza3Nw3wkoF4sSlKn0MONdkdEndig/qPBWXNkmplh3NzayQzCiHM4/hqw=="
    }
  }
}
